
Microsoft Visual Studio Solution File, Format Version 12.00
# Visual Studio Version 16
VisualStudioVersion = 16.0.29911.84
MinimumVisualStudioVersion = 10.0.40219.1
Project("{FAE04EC0-301F-11D3-BF4B-00C04F79EFBC}") = "PruebaSonar", "PruebaSonar\PruebaSonar.csproj", "{25BD0D58-5265-4395-8006-E3A7DDB2FAB6}"
EndProject
Global
	GlobalSection(SolutionConfigurationPlatforms) = preSolution
		Debug|Any CPU = Debug|Any CPU
		Release|Any CPU = Release|Any CPU
	EndGlobalSection
	GlobalSection(ProjectConfigurationPlatforms) = postSolution
		{25BD0D58-5265-4395-8006-E3A7DDB2FAB6}.Debug|Any CPU.ActiveCfg = Debug|Any CPU
		{25BD0D58-5265-4395-8006-E3A7DDB2FAB6}.Debug|Any CPU.Build.0 = Debug|Any CPU
		{25BD0D58-5265-4395-8006-E3A7DDB2FAB6}.Release|Any CPU.ActiveCfg = Release|Any CPU
		{25BD0D58-5265-4395-8006-E3A7DDB2FAB6}.Release|Any CPU.Build.0 = Release|Any CPU
	EndGlobalSection
	GlobalSection(SolutionProperties) = preSolution
		HideSolutionNode = FALSE
	EndGlobalSection
	GlobalSection(ExtensibilityGlobals) = postSolution
		SolutionGuid = {1E1CD1DF-FEB6-4B74-B9ED-B39253385414}
	EndGlobalSection
EndGlobal
